
Microsoft Visual Studio Solution File, Format Version 12.00
Project("{FAE04EC0-301F-11D3-BF4B-00C04F79EFBC}") = "ScrollBarTest", "ScrollBarTest.csproj", "{BFB7A58D-9526-470D-8B52-D7BFA74ED180}"
EndProject
Global
	GlobalSection(SolutionConfigurationPlatforms) = preSolution
		Debug|Any CPU = Debug|Any CPU
		Release|Any CPU = Release|Any CPU
	EndGlobalSection
	GlobalSection(ProjectConfigurationPlatforms) = postSolution
		{BFB7A58D-9526-470D-8B52-D7BFA74ED180}.Debug|Any CPU.ActiveCfg = Debug|Any CPU
		{BFB7A58D-9526-470D-8B52-D7BFA74ED180}.Debug|Any CPU.Build.0 = Debug|Any CPU
		{BFB7A58D-9526-470D-8B52-D7BFA74ED180}.Release|Any CPU.ActiveCfg = Release|Any CPU
		{BFB7A58D-9526-470D-8B52-D7BFA74ED180}.Release|Any CPU.Build.0 = Release|Any CPU
	EndGlobalSection
EndGlobal
